
Microsoft Visual Studio Solution File, Format Version 12.00
# Visual Studio Version 16
VisualStudioVersion = 16.0.29709.97
MinimumVisualStudioVersion = 10.0.40219.1
Project("{9A19103F-16F7-4668-BE54-9A1E7A4F7556}") = "UPS", "UPS\UPS.csproj", "{19A30DF2-226D-4EE5-B493-6C4BE8DD9A08}"
EndProject
Project("{FAE04EC0-301F-11D3-BF4B-00C04F79EFBC}") = "UPS.Test", "..\UPS.Test\UPS.Test.csproj", "{27540084-ED3F-4A44-99E0-AF0A6251C1E7}"
EndProject
Global
	GlobalSection(SolutionConfigurationPlatforms) = preSolution
		Debug|Any CPU = Debug|Any CPU
		Release|Any CPU = Release|Any CPU
	EndGlobalSection
	GlobalSection(ProjectConfigurationPlatforms) = postSolution
		{19A30DF2-226D-4EE5-B493-6C4BE8DD9A08}.Debug|Any CPU.ActiveCfg = Debug|Any CPU
		{19A30DF2-226D-4EE5-B493-6C4BE8DD9A08}.Debug|Any CPU.Build.0 = Debug|Any CPU
		{19A30DF2-226D-4EE5-B493-6C4BE8DD9A08}.Release|Any CPU.ActiveCfg = Release|Any CPU
		{19A30DF2-226D-4EE5-B493-6C4BE8DD9A08}.Release|Any CPU.Build.0 = Release|Any CPU
		{27540084-ED3F-4A44-99E0-AF0A6251C1E7}.Debug|Any CPU.ActiveCfg = Debug|Any CPU
		{27540084-ED3F-4A44-99E0-AF0A6251C1E7}.Debug|Any CPU.Build.0 = Debug|Any CPU
		{27540084-ED3F-4A44-99E0-AF0A6251C1E7}.Release|Any CPU.ActiveCfg = Release|Any CPU
		{27540084-ED3F-4A44-99E0-AF0A6251C1E7}.Release|Any CPU.Build.0 = Release|Any CPU
	EndGlobalSection
	GlobalSection(SolutionProperties) = preSolution
		HideSolutionNode = FALSE
	EndGlobalSection
	GlobalSection(ExtensibilityGlobals) = postSolution
		SolutionGuid = {3953EB39-D5FE-4552-AC1A-C30B4B2FE163}
	EndGlobalSection
EndGlobal
